
Microsoft Visual Studio Solution File, Format Version 12.00
# Visual Studio Version 16
VisualStudioVersion = 16.0.30523.141
MinimumVisualStudioVersion = 10.0.40219.1
Project("{FAE04EC0-301F-11D3-BF4B-00C04F79EFBC}") = "TestDiffSortAlgorithms", "TestDiffSortAlgorithms.csproj", "{A216A42E-43AF-4E7A-B2E5-67CA6C1B7FC3}"
EndProject
Global
	GlobalSection(SolutionConfigurationPlatforms) = preSolution
		Debug|Any CPU = Debug|Any CPU
		Release|Any CPU = Release|Any CPU
	EndGlobalSection
	GlobalSection(ProjectConfigurationPlatforms) = postSolution
		{A216A42E-43AF-4E7A-B2E5-67CA6C1B7FC3}.Debug|Any CPU.ActiveCfg = Debug|Any CPU
		{A216A42E-43AF-4E7A-B2E5-67CA6C1B7FC3}.Debug|Any CPU.Build.0 = Debug|Any CPU
		{A216A42E-43AF-4E7A-B2E5-67CA6C1B7FC3}.Release|Any CPU.ActiveCfg = Release|Any CPU
		{A216A42E-43AF-4E7A-B2E5-67CA6C1B7FC3}.Release|Any CPU.Build.0 = Release|Any CPU
	EndGlobalSection
	GlobalSection(SolutionProperties) = preSolution
		HideSolutionNode = FALSE
	EndGlobalSection
	GlobalSection(ExtensibilityGlobals) = postSolution
		SolutionGuid = {6C847E24-02D2-45CF-AA4D-058F96BEC447}
	EndGlobalSection
EndGlobal
